
Microsoft Visual Studio Solution File, Format Version 12.00
# Visual Studio 2013
Project("{FAE04EC0-301F-11D3-BF4B-00C04F79EFBC}") = "Multijugador.CSharp.Plugins", "Multijugador.CSharp.Plugins.csproj", "{B1F9C6FD-1E39-586D-D5D9-11153AD3AC93}"
EndProject
Project("{FAE04EC0-301F-11D3-BF4B-00C04F79EFBC}") = "Multijugador.CSharp", "Multijugador.CSharp.csproj", "{A4A73138-D2C3-0FB7-4E18-F06C752408BF}"
EndProject
Project("{FAE04EC0-301F-11D3-BF4B-00C04F79EFBC}") = "Multijugador.CSharp.Editor", "Multijugador.CSharp.Editor.csproj", "{22D98F77-FD89-4563-7217-E3122B574B8E}"
EndProject
Global
	GlobalSection(SolutionConfigurationPlatforms) = preSolution
		Debug|Any CPU = Debug|Any CPU
		Release|Any CPU = Release|Any CPU
	EndGlobalSection
	GlobalSection(ProjectConfigurationPlatforms) = postSolution
		{B1F9C6FD-1E39-586D-D5D9-11153AD3AC93}.Debug|Any CPU.ActiveCfg = Debug|Any CPU
		{B1F9C6FD-1E39-586D-D5D9-11153AD3AC93}.Debug|Any CPU.Build.0 = Debug|Any CPU
		{B1F9C6FD-1E39-586D-D5D9-11153AD3AC93}.Release|Any CPU.ActiveCfg = Release|Any CPU
		{B1F9C6FD-1E39-586D-D5D9-11153AD3AC93}.Release|Any CPU.Build.0 = Release|Any CPU
		{A4A73138-D2C3-0FB7-4E18-F06C752408BF}.Debug|Any CPU.ActiveCfg = Debug|Any CPU
		{A4A73138-D2C3-0FB7-4E18-F06C752408BF}.Debug|Any CPU.Build.0 = Debug|Any CPU
		{A4A73138-D2C3-0FB7-4E18-F06C752408BF}.Release|Any CPU.ActiveCfg = Release|Any CPU
		{A4A73138-D2C3-0FB7-4E18-F06C752408BF}.Release|Any CPU.Build.0 = Release|Any CPU
		{22D98F77-FD89-4563-7217-E3122B574B8E}.Debug|Any CPU.ActiveCfg = Debug|Any CPU
		{22D98F77-FD89-4563-7217-E3122B574B8E}.Debug|Any CPU.Build.0 = Debug|Any CPU
		{22D98F77-FD89-4563-7217-E3122B574B8E}.Release|Any CPU.ActiveCfg = Release|Any CPU
		{22D98F77-FD89-4563-7217-E3122B574B8E}.Release|Any CPU.Build.0 = Release|Any CPU
	EndGlobalSection
	GlobalSection(SolutionProperties) = preSolution
		HideSolutionNode = FALSE
	EndGlobalSection
EndGlobal
